
Microsoft Visual Studio Solution File, Format Version 12.00
# Visual Studio Version 17
VisualStudioVersion = 17.0.31903.59
MinimumVisualStudioVersion = 10.0.40219.1
Project("{2150E333-8FDC-42A3-9474-1A3956D46DE8}") = "src", "src", "{827E0CD3-B72D-47B6-A68D-7590B98EB39B}"
EndProject
Project("{FAE04EC0-301F-11D3-BF4B-00C04F79EFBC}") = "HexGrid.Core", "src\HexGrid.Core\HexGrid.Core.csproj", "{B39EDE6F-F94E-4A2C-B3CC-7B840C4DCF21}"
EndProject
Project("{FAE04EC0-301F-11D3-BF4B-00C04F79EFBC}") = "HexGrid.App", "src\HexGrid.App\HexGrid.App.csproj", "{BD97DC12-6739-4456-9887-1F24D74B5E46}"
EndProject
Project("{FAE04EC0-301F-11D3-BF4B-00C04F79EFBC}") = "HexGrid.Core.Tests", "src\HexGrid.Core.Tests\HexGrid.Core.Tests.csproj", "{F7865936-2CE9-4385-AAB1-316568CC44CF}"
EndProject
Project("{FAE04EC0-301F-11D3-BF4B-00C04F79EFBC}") = "HexGrid.App.Tests", "src\HexGrid.App.Tests\HexGrid.App.Tests.csproj", "{44E07358-17F8-4960-8EE4-5842F939B162}"
EndProject
Global
	GlobalSection(SolutionConfigurationPlatforms) = preSolution
		Debug|Any CPU = Debug|Any CPU
		Debug|x64 = Debug|x64
		Debug|x86 = Debug|x86
		Release|Any CPU = Release|Any CPU
		Release|x64 = Release|x64
		Release|x86 = Release|x86
	EndGlobalSection
	GlobalSection(ProjectConfigurationPlatforms) = postSolution
		{B39EDE6F-F94E-4A2C-B3CC-7B840C4DCF21}.Debug|Any CPU.ActiveCfg = Debug|Any CPU
		{B39EDE6F-F94E-4A2C-B3CC-7B840C4DCF21}.Debug|Any CPU.Build.0 = Debug|Any CPU
		{B39EDE6F-F94E-4A2C-B3CC-7B840C4DCF21}.Debug|x64.ActiveCfg = Debug|Any CPU
		{B39EDE6F-F94E-4A2C-B3CC-7B840C4DCF21}.Debug|x64.Build.0 = Debug|Any CPU
		{B39EDE6F-F94E-4A2C-B3CC-7B840C4DCF21}.Debug|x86.ActiveCfg = Debug|Any CPU
		{B39EDE6F-F94E-4A2C-B3CC-7B840C4DCF21}.Debug|x86.Build.0 = Debug|Any CPU
		{B39EDE6F-F94E-4A2C-B3CC-7B840C4DCF21}.Release|Any CPU.ActiveCfg = Release|Any CPU
		{B39EDE6F-F94E-4A2C-B3CC-7B840C4DCF21}.Release|Any CPU.Build.0 = Release|Any CPU
		{B39EDE6F-F94E-4A2C-B3CC-7B840C4DCF21}.Release|x64.ActiveCfg = Release|Any CPU
		{B39EDE6F-F94E-4A2C-B3CC-7B840C4DCF21}.Release|x64.Build.0 = Release|Any CPU
		{B39EDE6F-F94E-4A2C-B3CC-7B840C4DCF21}.Release|x86.ActiveCfg = Release|Any CPU
		{B39EDE6F-F94E-4A2C-B3CC-7B840C4DCF21}.Release|x86.Build.0 = Release|Any CPU
		{BD97DC12-6739-4456-9887-1F24D74B5E46}.Debug|Any CPU.ActiveCfg = Debug|Any CPU
		{BD97DC12-6739-4456-9887-1F24D74B5E46}.Debug|Any CPU.Build.0 = Debug|Any CPU
		{BD97DC12-6739-4456-9887-1F24D74B5E46}.Debug|x64.ActiveCfg = Debug|Any CPU
		{BD97DC12-6739-4456-9887-1F24D74B5E46}.Debug|x64.Build.0 = Debug|Any CPU
		{BD97DC12-6739-4456-9887-1F24D74B5E46}.Debug|x86.ActiveCfg = Debug|Any CPU
		{BD97DC12-6739-4456-9887-1F24D74B5E46}.Debug|x86.Build.0 = Debug|Any CPU
		{BD97DC12-6739-4456-9887-1F24D74B5E46}.Release|Any CPU.ActiveCfg = Release|Any CPU
		{BD97DC12-6739-4456-9887-1F24D74B5E46}.Release|Any CPU.Build.0 = Release|Any CPU
		{BD97DC12-6739-4456-9887-1F24D74B5E46}.Release|x64.ActiveCfg = Release|Any CPU
		{BD97DC12-6739-4456-9887-1F24D74B5E46}.Release|x64.Build.0 = Release|Any CPU
		{BD97DC12-6739-4456-9887-1F24D74B5E46}.Release|x86.ActiveCfg = Release|Any CPU
		{BD97DC12-6739-4456-9887-1F24D74B5E46}.Release|x86.Build.0 = Release|Any CPU
		{F7865936-2CE9-4385-AAB1-316568CC44CF}.Debug|Any CPU.ActiveCfg = Debug|Any CPU
		{F7865936-2CE9-4385-AAB1-316568CC44CF}.Debug|Any CPU.Build.0 = Debug|Any CPU
		{F7865936-2CE9-4385-AAB1-316568CC44CF}.Debug|x64.ActiveCfg = Debug|Any CPU
		{F7865936-2CE9-4385-AAB1-316568CC44CF}.Debug|x64.Build.0 = Debug|Any CPU
		{F7865936-2CE9-4385-AAB1-316568CC44CF}.Debug|x86.ActiveCfg = Debug|Any CPU
		{F7865936-2CE9-4385-AAB1-316568CC44CF}.Debug|x86.Build.0 = Debug|Any CPU
		{F7865936-2CE9-4385-AAB1-316568CC44CF}.Release|Any CPU.ActiveCfg = Release|Any CPU
		{F7865936-2CE9-4385-AAB1-316568CC44CF}.Release|Any CPU.Build.0 = Release|Any CPU
		{F7865936-2CE9-4385-AAB1-316568CC44CF}.Release|x64.ActiveCfg = Release|Any CPU
		{F7865936-2CE9-4385-AAB1-316568CC44CF}.Release|x64.Build.0 = Release|Any CPU
		{F7865936-2CE9-4385-AAB1-316568CC44CF}.Release|x86.ActiveCfg = Release|Any CPU
		{F7865936-2CE9-4385-AAB1-316568CC44CF}.Release|x86.Build.0 = Release|Any CPU
		{44E07358-17F8-4960-8EE4-5842F939B162}.Debug|Any CPU.ActiveCfg = Debug|Any CPU
		{44E07358-17F8-4960-8EE4-5842F939B162}.Debug|Any CPU.Build.0 = Debug|Any CPU
		{44E07358-17F8-4960-8EE4-5842F939B162}.Debug|x64.ActiveCfg = Debug|Any CPU
		{44E07358-17F8-4960-8EE4-5842F939B162}.Debug|x64.Build.0 = Debug|Any CPU
		{44E07358-17F8-4960-8EE4-5842F939B162}.Debug|x86.ActiveCfg = Debug|Any CPU
		{44E07358-17F8-4960-8EE4-5842F939B162}.Debug|x86.Build.0 = Debug|Any CPU
		{44E07358-17F8-4960-8EE4-5842F939B162}.Release|Any CPU.ActiveCfg = Release|Any CPU
		{44E07358-17F8-4960-8EE4-5842F939B162}.Release|Any CPU.Build.0 = Release|Any CPU
		{44E07358-17F8-4960-8EE4-5842F939B162}.Release|x64.ActiveCfg = Release|Any CPU
		{44E07358-17F8-4960-8EE4-5842F939B162}.Release|x64.Build.0 = Release|Any CPU
		{44E07358-17F8-4960-8EE4-5842F939B162}.Release|x86.ActiveCfg = Release|Any CPU
		{44E07358-17F8-4960-8EE4-5842F939B162}.Release|x86.Build.0 = Release|Any CPU
	EndGlobalSection
	GlobalSection(SolutionProperties) = preSolution
		HideSolutionNode = FALSE
	EndGlobalSection
	GlobalSection(NestedProjects) = preSolution
		{B39EDE6F-F94E-4A2C-B3CC-7B840C4DCF21} = {827E0CD3-B72D-47B6-A68D-7590B98EB39B}
		{BD97DC12-6739-4456-9887-1F24D74B5E46} = {827E0CD3-B72D-47B6-A68D-7590B98EB39B}
		{F7865936-2CE9-4385-AAB1-316568CC44CF} = {827E0CD3-B72D-47B6-A68D-7590B98EB39B}
		{44E07358-17F8-4960-8EE4-5842F939B162} = {827E0CD3-B72D-47B6-A68D-7590B98EB39B}
	EndGlobalSection
EndGlobal
